// !$*UTF8*$!
{
	archiveVersion = 1;
	classes = {
	};
	objectVersion = 46;
	objects = {

/* Begin PBXBuildFile section */
		72CC37AB57FBB132659BAC0C /* Pods_SnapshotTests.framework in Frameworks */ = {isa = PBXBuildFile; fileRef = 47685B0D1D5BF0323D9AFA09 /* Pods_SnapshotTests.framework */; };
		9B4A0B2C1E767F7100FF3539 /* AppDelegate.swift in Sources */ = {isa = PBXBuildFile; fileRef = 9B4A0B2B1E767F7100FF3539 /* AppDelegate.swift */; };
		9B4A0B2E1E767F7100FF3539 /* ViewController.swift in Sources */ = {isa = PBXBuildFile; fileRef = 9B4A0B2D1E767F7100FF3539 /* ViewController.swift */; };
		9B4A0B331E767F7100FF3539 /* Assets.xcassets in Resources */ = {isa = PBXBuildFile; fileRef = 9B4A0B321E767F7100FF3539 /* Assets.xcassets */; };
		9B4A0B361E767F7100FF3539 /* LaunchScreen.storyboard in Resources */ = {isa = PBXBuildFile; fileRef = 9B4A0B341E767F7100FF3539 /* LaunchScreen.storyboard */; };
		9B4A0B441E7680B500FF3539 /* SnapshotTests.swift in Sources */ = {isa = PBXBuildFile; fileRef = 9B4A0B431E7680B500FF3539 /* SnapshotTests.swift */; };
/* End PBXBuildFile section */

/* Begin PBXContainerItemProxy section */
		9B4A0B461E7680B500FF3539 /* PBXContainerItemProxy */ = {
			isa = PBXContainerItemProxy;
			containerPortal = 9B4A0B201E767F7100FF3539 /* Project object */;
			proxyType = 1;
			remoteGlobalIDString = 9B4A0B271E767F7100FF3539;
			remoteInfo = Snapshot;
		};
/* End PBXContainerItemProxy section */

/* Begin PBXFileReference section */
		47685B0D1D5BF0323D9AFA09 /* Pods_SnapshotTests.framework */ = {isa = PBXFileReference; explicitFileType = wrapper.framework; includeInIndex = 0; path = Pods_SnapshotTests.framework; sourceTree = BUILT_PRODUCTS_DIR; };
		736DA9C836A468A09ED51BE5 /* Pods-SnapshotTests.release.xcconfig */ = {isa = PBXFileReference; includeInIndex = 1; lastKnownFileType = text.xcconfig; name = "Pods-SnapshotTests.release.xcconfig"; path = "Pods/Target Support Files/Pods-SnapshotTests/Pods-SnapshotTests.release.xcconfig"; sourceTree = "<group>"; };
		9B4A0B281E767F7100FF3539 /* Snapshot.app */ = {isa = PBXFileReference; explicitFileType = wrapper.application; includeInIndex = 0; path = Snapshot.app; sourceTree = BUILT_PRODUCTS_DIR; };
		9B4A0B2B1E767F7100FF3539 /* AppDelegate.swift */ = {isa = PBXFileReference; lastKnownFileType = sourcecode.swift; path = AppDelegate.swift; sourceTree = "<group>"; };
		9B4A0B2D1E767F7100FF3539 /* ViewController.swift */ = {isa = PBXFileReference; lastKnownFileType = sourcecode.swift; path = ViewController.swift; sourceTree = "<group>"; };
		9B4A0B321E767F7100FF3539 /* Assets.xcassets */ = {isa = PBXFileReference; lastKnownFileType = folder.assetcatalog; path = Assets.xcassets; sourceTree = "<group>"; };
		9B4A0B351E767F7100FF3539 /* Base */ = {isa = PBXFileReference; lastKnownFileType = file.storyboard; name = Base; path = Base.lproj/LaunchScreen.storyboard; sourceTree = "<group>"; };
		9B4A0B371E767F7100FF3539 /* Info.plist */ = {isa = PBXFileReference; lastKnownFileType = text.plist.xml; path = Info.plist; sourceTree = "<group>"; };
		9B4A0B411E7680B500FF3539 /* SnapshotTests.xctest */ = {isa = PBXFileReference; explicitFileType = wrapper.cfbundle; includeInIndex = 0; path = SnapshotTests.xctest; sourceTree = BUILT_PRODUCTS_DIR; };
		9B4A0B431E7680B500FF3539 /* SnapshotTests.swift */ = {isa = PBXFileReference; lastKnownFileType = sourcecode.swift; path = SnapshotTests.swift; sourceTree = "<group>"; };
		9B4A0B451E7680B500FF3539 /* Info.plist */ = {isa = PBXFileReference; lastKnownFileType = text.plist.xml; path = Info.plist; sourceTree = "<group>"; };
		F1EE6D7AC447455C4D74DB4C /* Pods-SnapshotTests.debug.xcconfig */ = {isa = PBXFileReference; includeInIndex = 1; lastKnownFileType = text.xcconfig; name = "Pods-SnapshotTests.debug.xcconfig"; path = "Pods/Target Support Files/Pods-SnapshotTests/Pods-SnapshotTests.debug.xcconfig"; sourceTree = "<group>"; };
/* End PBXFileReference section */

/* Begin PBXFrameworksBuildPhase section */
		9B4A0B251E767F7100FF3539 /* Frameworks */ = {
			isa = PBXFrameworksBuildPhase;
			buildActionMask = 2147483647;
			files = (
			);
			runOnlyForDeploymentPostprocessing = 0;
		};
		9B4A0B3E1E7680B500FF3539 /* Frameworks */ = {
			isa = PBXFrameworksBuildPhase;
			buildActionMask = 2147483647;
			files = (
				72CC37AB57FBB132659BAC0C /* Pods_SnapshotTests.framework in Frameworks */,
			);
			runOnlyForDeploymentPostprocessing = 0;
		};
/* End PBXFrameworksBuildPhase section */

/* Begin PBXGroup section */
		1F82A5B20EFACD3E2958E357 /* Frameworks */ = {
			isa = PBXGroup;
			children = (
				47685B0D1D5BF0323D9AFA09 /* Pods_SnapshotTests.framework */,
			);
			name = Frameworks;
			sourceTree = "<group>";
		};
		2B32D93288FB26814A584E77 /* Pods */ = {
			isa = PBXGroup;
			children = (
				F1EE6D7AC447455C4D74DB4C /* Pods-SnapshotTests.debug.xcconfig */,
				736DA9C836A468A09ED51BE5 /* Pods-SnapshotTests.release.xcconfig */,
			);
			name = Pods;
			sourceTree = "<group>";
		};
		9B4A0B1F1E767F7100FF3539 = {
			isa = PBXGroup;
			children = (
				9B4A0B2A1E767F7100FF3539 /* Snapshot */,
				9B4A0B421E7680B500FF3539 /* SnapshotTests */,
				9B4A0B291E767F7100FF3539 /* Products */,
				2B32D93288FB26814A584E77 /* Pods */,
				1F82A5B20EFACD3E2958E357 /* Frameworks */,
			);
			sourceTree = "<group>";
		};
		9B4A0B291E767F7100FF3539 /* Products */ = {
			isa = PBXGroup;
			children = (
				9B4A0B281E767F7100FF3539 /* Snapshot.app */,
				9B4A0B411E7680B500FF3539 /* SnapshotTests.xctest */,
			);
			name = Products;
			sourceTree = "<group>";
		};
		9B4A0B2A1E767F7100FF3539 /* Snapshot */ = {
			isa = PBXGroup;
			children = (
				9B4A0B2B1E767F7100FF3539 /* AppDelegate.swift */,
				9B4A0B2D1E767F7100FF3539 /* ViewController.swift */,
				9B4A0B321E767F7100FF3539 /* Assets.xcassets */,
				9B4A0B341E767F7100FF3539 /* LaunchScreen.storyboard */,
				9B4A0B371E767F7100FF3539 /* Info.plist */,
			);
			path = Snapshot;
			sourceTree = "<group>";
		};
		9B4A0B421E7680B500FF3539 /* SnapshotTests */ = {
			isa = PBXGroup;
			children = (
				9B4A0B431E7680B500FF3539 /* SnapshotTests.swift */,
				9B4A0B451E7680B500FF3539 /* Info.plist */,
			);
			path = SnapshotTests;
			sourceTree = "<group>";
		};
/* End PBXGroup section */

/* Begin PBXNativeTarget section */
		9B4A0B271E767F7100FF3539 /* Snapshot */ = {
			isa = PBXNativeTarget;
			buildConfigurationList = 9B4A0B3A1E767F7100FF3539 /* Build configuration list for PBXNativeTarget "Snapshot" */;
			buildPhases = (
				9B4A0B241E767F7100FF3539 /* Sources */,
				9B4A0B251E767F7100FF3539 /* Frameworks */,
				9B4A0B261E767F7100FF3539 /* Resources */,
			);
			buildRules = (
			);
			dependencies = (
			);
			name = Snapshot;
			productName = Snapshot;
			productReference = 9B4A0B281E767F7100FF3539 /* Snapshot.app */;
			productType = "com.apple.product-type.application";
		};
		9B4A0B401E7680B500FF3539 /* SnapshotTests */ = {
			isa = PBXNativeTarget;
			buildConfigurationList = 9B4A0B481E7680B500FF3539 /* Build configuration list for PBXNativeTarget "SnapshotTests" */;
			buildPhases = (
				10128128951FF56DB4B13A99 /* [CP] Check Pods Manifest.lock */,
				9B4A0B3D1E7680B500FF3539 /* Sources */,
				9B4A0B3E1E7680B500FF3539 /* Frameworks */,
				9B4A0B3F1E7680B500FF3539 /* Resources */,
				923F91BCEEEEA5065112F6AC /* [CP] Embed Pods Frameworks */,
				1267A5482901673F144B22F4 /* [CP] Copy Pods Resources */,
			);
			buildRules = (
			);
			dependencies = (
				9B4A0B471E7680B500FF3539 /* PBXTargetDependency */,
			);
			name = SnapshotTests;
			productName = SnapshotTests;
			productReference = 9B4A0B411E7680B500FF3539 /* SnapshotTests.xctest */;
			productType = "com.apple.product-type.bundle.unit-test";
		};
/* End PBXNativeTarget section */

/* Begin PBXProject section */
		9B4A0B201E767F7100FF3539 /* Project object */ = {
			isa = PBXProject;
			attributes = {
				LastSwiftUpdateCheck = 0820;
				LastUpgradeCheck = 0820;
				ORGANIZATIONNAME = ShengHuaWu;
				TargetAttributes = {
					9B4A0B271E767F7100FF3539 = {
						CreatedOnToolsVersion = 8.2.1;
						DevelopmentTeam = 69ZK2DH65L;
						ProvisioningStyle = Automatic;
					};
					9B4A0B401E7680B500FF3539 = {
						CreatedOnToolsVersion = 8.2.1;
						DevelopmentTeam = 69ZK2DH65L;
						ProvisioningStyle = Automatic;
						TestTargetID = 9B4A0B271E767F7100FF3539;
					};
				};
			};
			buildConfigurationList = 9B4A0B231E767F7100FF3539 /* Build configuration list for PBXProject "Snapshot" */;
			compatibilityVersion = "Xcode 3.2";
			developmentRegion = English;
			hasScannedForEncodings = 0;
			knownRegions = (
				en,
				Base,
			);
			mainGroup = 9B4A0B1F1E767F7100FF3539;
			productRefGroup = 9B4A0B291E767F7100FF3539 /* Products */;
			projectDirPath = "";
			projectRoot = "";
			targets = (
				9B4A0B271E767F7100FF3539 /* Snapshot */,
				9B4A0B401E7680B500FF3539 /* SnapshotTests */,
			);
		};
/* End PBXProject section */

/* Begin PBXResourcesBuildPhase section */
		9B4A0B261E767F7100FF3539 /* Resources */ = {
			isa = PBXResourcesBuildPhase;
			buildActionMask = 2147483647;
			files = (
				9B4A0B361E767F7100FF3539 /* LaunchScreen.storyboard in Resources */,
				9B4A0B331E767F7100FF3539 /* Assets.xcassets in Resources */,
			);
			runOnlyForDeploymentPostprocessing = 0;
		};
		9B4A0B3F1E7680B500FF3539 /* Resources */ = {
			isa = PBXResourcesBuildPhase;
			buildActionMask = 2147483647;
			files = (
			);
			runOnlyForDeploymentPostprocessing = 0;
		};
/* End PBXResourcesBuildPhase section */

/* Begin PBXShellScriptBuildPhase section */
		10128128951FF56DB4B13A99 /* [CP] Check Pods Manifest.lock */ = {
			isa = PBXShellScriptBuildPhase;
			buildActionMask = 2147483647;
			files = (
			);
			inputPaths = (
			);
			name = "[CP] Check Pods Manifest.lock";
			outputPaths = (
			);
			runOnlyForDeploymentPostprocessing = 0;
			shellPath = /bin/sh;
			shellScript = "diff \"${PODS_ROOT}/../Podfile.lock\" \"${PODS_ROOT}/Manifest.lock\" > /dev/null\nif [ $? != 0 ] ; then\n    # print error to STDERR\n    echo \"error: The sandbox is not in sync with the Podfile.lock. Run 'pod install' or update your CocoaPods installation.\" >&2\n    exit 1\nfi\n";
			showEnvVarsInLog = 0;
		};
		1267A5482901673F144B22F4 /* [CP] Copy Pods Resources */ = {
			isa = PBXShellScriptBuildPhase;
			buildActionMask = 2147483647;
			files = (
			);
			inputPaths = (
			);
			name = "[CP] Copy Pods Resources";
			outputPaths = (
			);
			runOnlyForDeploymentPostprocessing = 0;
			shellPath = /bin/sh;
			shellScript = "\"${SRCROOT}/Pods/Target Support Files/Pods-SnapshotTests/Pods-SnapshotTests-resources.sh\"\n";
			showEnvVarsInLog = 0;
		};
		923F91BCEEEEA5065112F6AC /* [CP] Embed Pods Frameworks */ = {
			isa = PBXShellScriptBuildPhase;
			buildActionMask = 2147483647;
			files = (
			);
			inputPaths = (
			);
			name = "[CP] Embed Pods Frameworks";
			outputPaths = (
			);
			runOnlyForDeploymentPostprocessing = 0;
			shellPath = /bin/sh;
			shellScript = "\"${SRCROOT}/Pods/Target Support Files/Pods-SnapshotTests/Pods-SnapshotTests-frameworks.sh\"\n";
			showEnvVarsInLog = 0;
		};
/* End PBXShellScriptBuildPhase section */

/* Begin PBXSourcesBuildPhase section */
		9B4A0B241E767F7100FF3539 /* Sources */ = {
			isa = PBXSourcesBuildPhase;
			buildActionMask = 2147483647;
			files = (
				9B4A0B2E1E767F7100FF3539 /* ViewController.swift in Sources */,
				9B4A0B2C1E767F7100FF3539 /* AppDelegate.swift in Sources */,
			);
			runOnlyForDeploymentPostprocessing = 0;
		};
		9B4A0B3D1E7680B500FF3539 /* Sources */ = {
			isa = PBXSourcesBuildPhase;
			buildActionMask = 2147483647;
			files = (
				9B4A0B441E7680B500FF3539 /* SnapshotTests.swift in Sources */,
			);
			runOnlyForDeploymentPostprocessing = 0;
		};
/* End PBXSourcesBuildPhase section */

/* Begin PBXTargetDependency section */
		9B4A0B471E7680B500FF3539 /* PBXTargetDependency */ = {
			isa = PBXTargetDependency;
			target = 9B4A0B271E767F7100FF3539 /* Snapshot */;
			targetProxy = 9B4A0B461E7680B500FF3539 /* PBXContainerItemProxy */;
		};
/* End PBXTargetDependency section */

/* Begin PBXVariantGroup section */
		9B4A0B341E767F7100FF3539 /* LaunchScreen.storyboard */ = {
			isa = PBXVariantGroup;
			children = (
				9B4A0B351E767F7100FF3539 /* Base */,
			);
			name = LaunchScreen.storyboard;
			sourceTree = "<group>";
		};
/* End PBXVariantGroup section */

/* Begin XCBuildConfiguration section */
		9B4A0B381E767F7100FF3539 /* Debug */ = {
			isa = XCBuildConfiguration;
			buildSettings = {
				ALWAYS_SEARCH_USER_PATHS = NO;
				CLANG_ANALYZER_NONNULL = YES;
				CLANG_CXX_LANGUAGE_STANDARD = "gnu++0x";
				CLANG_CXX_LIBRARY = "libc++";
				CLANG_ENABLE_MODULES = YES;
				CLANG_ENABLE_OBJC_ARC = YES;
				CLANG_WARN_BOOL_CONVERSION = YES;
				CLANG_WARN_CONSTANT_CONVERSION = YES;
				CLANG_WARN_DIRECT_OBJC_ISA_USAGE = YES_ERROR;
				CLANG_WARN_DOCUMENTATION_COMMENTS = YES;
				CLANG_WARN_EMPTY_BODY = YES;
				CLANG_WARN_ENUM_CONVERSION = YES;
				CLANG_WARN_INFINITE_RECURSION = YES;
				CLANG_WARN_INT_CONVERSION = YES;
				CLANG_WARN_OBJC_ROOT_CLASS = YES_ERROR;
				CLANG_WARN_SUSPICIOUS_MOVE = YES;
				CLANG_WARN_UNREACHABLE_CODE = YES;
				CLANG_WARN__DUPLICATE_METHOD_MATCH = YES;
				"CODE_SIGN_IDENTITY[sdk=iphoneos*]" = "iPhone Developer";
				COPY_PHASE_STRIP = NO;
				DEBUG_INFORMATION_FORMAT = dwarf;
				ENABLE_STRICT_OBJC_MSGSEND = YES;
				ENABLE_TESTABILITY = YES;
				GCC_C_LANGUAGE_STANDARD = gnu99;
				GCC_DYNAMIC_NO_PIC = NO;
				GCC_NO_COMMON_BLOCKS = YES;
				GCC_OPTIMIZATION_LEVEL = 0;
				GCC_PREPROCESSOR_DEFINITIONS = (
					"DEBUG=1",
					"$(inherited)",
				);
				GCC_WARN_64_TO_32_BIT_CONVERSION = YES;
				GCC_WARN_ABOUT_RETURN_TYPE = YES_ERROR;
				GCC_WARN_UNDECLARED_SELECTOR = YES;
				GCC_WARN_UNINITIALIZED_AUTOS = YES_AGGRESSIVE;
				GCC_WARN_UNUSED_FUNCTION = YES;
				GCC_WARN_UNUSED_VARIABLE = YES;
				IPHONEOS_DEPLOYMENT_TARGET = 10.2;
				MTL_ENABLE_DEBUG_INFO = YES;
				ONLY_ACTIVE_ARCH = YES;
				SDKROOT = iphoneos;
				SWIFT_ACTIVE_COMPILATION_CONDITIONS = DEBUG;
				SWIFT_OPTIMIZATION_LEVEL = "-Onone";
			};
			name = Debug;
		};
		9B4A0B391E767F7100FF3539 /* Release */ = {
			isa = XCBuildConfiguration;
			buildSettings = {
				ALWAYS_SEARCH_USER_PATHS = NO;
				CLANG_ANALYZER_NONNULL = YES;
				CLANG_CXX_LANGUAGE_STANDARD = "gnu++0x";
				CLANG_CXX_LIBRARY = "libc++";
				CLANG_ENABLE_MODULES = YES;
				CLANG_ENABLE_OBJC_ARC = YES;
				CLANG_WARN_BOOL_CONVERSION = YES;
				CLANG_WARN_CONSTANT_CONVERSION = YES;
				CLANG_WARN_DIRECT_OBJC_ISA_USAGE = YES_ERROR;
				CLANG_WARN_DOCUMENTATION_COMMENTS = YES;
				CLANG_WARN_EMPTY_BODY = YES;
				CLANG_WARN_ENUM_CONVERSION = YES;
				CLANG_WARN_INFINITE_RECURSION = YES;
				CLANG_WARN_INT_CONVERSION = YES;
				CLANG_WARN_OBJC_ROOT_CLASS = YES_ERROR;
				CLANG_WARN_SUSPICIOUS_MOVE = YES;
				CLANG_WARN_UNREACHABLE_CODE = YES;
				CLANG_WARN__DUPLICATE_METHOD_MATCH = YES;
				"CODE_SIGN_IDENTITY[sdk=iphoneos*]" = "iPhone Developer";
				COPY_PHASE_STRIP = NO;
				DEBUG_INFORMATION_FORMAT = "dwarf-with-dsym";
				ENABLE_NS_ASSERTIONS = NO;
				ENABLE_STRICT_OBJC_MSGSEND = YES;
				GCC_C_LANGUAGE_STANDARD = gnu99;
				GCC_NO_COMMON_BLOCKS = YES;
				GCC_WARN_64_TO_32_BIT_CONVERSION = YES;
				GCC_WARN_ABOUT_RETURN_TYPE = YES_ERROR;
				GCC_WARN_UNDECLARED_SELECTOR = YES;
				GCC_WARN_UNINITIALIZED_AUTOS = YES_AGGRESSIVE;
				GCC_WARN_UNUSED_FUNCTION = YES;
				GCC_WARN_UNUSED_VARIABLE = YES;
				IPHONEOS_DEPLOYMENT_TARGET = 10.2;
				MTL_ENABLE_DEBUG_INFO = NO;
				SDKROOT = iphoneos;
				SWIFT_OPTIMIZATION_LEVEL = "-Owholemodule";
				VALIDATE_PRODUCT = YES;
			};
			name = Release;
		};
		9B4A0B3B1E767F7100FF3539 /* Debug */ = {
			isa = XCBuildConfiguration;
			buildSettings = {
				ASSETCATALOG_COMPILER_APPICON_NAME = AppIcon;
				DEVELOPMENT_TEAM = 69ZK2DH65L;
				INFOPLIST_FILE = Snapshot/Info.plist;
				LD_RUNPATH_SEARCH_PATHS = "$(inherited) @executable_path/Frameworks";
				PRODUCT_BUNDLE_IDENTIFIER = com.shenghuawu.Snapshot;
				PRODUCT_NAME = "$(TARGET_NAME)";
				SWIFT_VERSION = 3.0;
			};
			name = Debug;
		};
		9B4A0B3C1E767F7100FF3539 /* Release */ = {
			isa = XCBuildConfiguration;
			buildSettings = {
				ASSETCATALOG_COMPILER_APPICON_NAME = AppIcon;
				DEVELOPMENT_TEAM = 69ZK2DH65L;
				INFOPLIST_FILE = Snapshot/Info.plist;
				LD_RUNPATH_SEARCH_PATHS = "$(inherited) @executable_path/Frameworks";
				PRODUCT_BUNDLE_IDENTIFIER = com.shenghuawu.Snapshot;
				PRODUCT_NAME = "$(TARGET_NAME)";
				SWIFT_VERSION = 3.0;
			};
			name = Release;
		};
		9B4A0B491E7680B500FF3539 /* Debug */ = {
			isa = XCBuildConfiguration;
			baseConfigurationReference = F1EE6D7AC447455C4D74DB4C /* Pods-SnapshotTests.debug.xcconfig */;
			buildSettings = {
				BUNDLE_LOADER = "$(TEST_HOST)";
				DEVELOPMENT_TEAM = 69ZK2DH65L;
				INFOPLIST_FILE = SnapshotTests/Info.plist;
				LD_RUNPATH_SEARCH_PATHS = "$(inherited) @executable_path/Frameworks @loader_path/Frameworks";
				PRODUCT_BUNDLE_IDENTIFIER = com.shenghuawu.SnapshotTests;
				PRODUCT_NAME = "$(TARGET_NAME)";
				SWIFT_VERSION = 3.0;
				TEST_HOST = "$(BUILT_PRODUCTS_DIR)/Snapshot.app/Snapshot";
			};
			name = Debug;
		};
		9B4A0B4A1E7680B500FF3539 /* Release */ = {
			isa = XCBuildConfiguration;
			baseConfigurationReference = 736DA9C836A468A09ED51BE5 /* Pods-SnapshotTests.release.xcconfig */;
			buildSettings = {
				BUNDLE_LOADER = "$(TEST_HOST)";
				DEVELOPMENT_TEAM = 69ZK2DH65L;
				INFOPLIST_FILE = SnapshotTests/Info.plist;
				LD_RUNPATH_SEARCH_PATHS = "$(inherited) @executable_path/Frameworks @loader_path/Frameworks";
				PRODUCT_BUNDLE_IDENTIFIER = com.shenghuawu.SnapshotTests;
				PRODUCT_NAME = "$(TARGET_NAME)";
				SWIFT_VERSION = 3.0;
				TEST_HOST = "$(BUILT_PRODUCTS_DIR)/Snapshot.app/Snapshot";
			};
			name = Release;
		};
/* End XCBuildConfiguration section */

/* Begin XCConfigurationList section */
		9B4A0B231E767F7100FF3539 /* Build configuration list for PBXProject "Snapshot" */ = {
			isa = XCConfigurationList;
			buildConfigurations = (
				9B4A0B381E767F7100FF3539 /* Debug */,
				9B4A0B391E767F7100FF3539 /* Release */,
			);
			defaultConfigurationIsVisible = 0;
			defaultConfigurationName = Release;
		};
		9B4A0B3A1E767F7100FF3539 /* Build configuration list for PBXNativeTarget "Snapshot" */ = {
			isa = XCConfigurationList;
			buildConfigurations = (
				9B4A0B3B1E767F7100FF3539 /* Debug */,
				9B4A0B3C1E767F7100FF3539 /* Release */,
			);
			defaultConfigurationIsVisible = 0;
		};
		9B4A0B481E7680B500FF3539 /* Build configuration list for PBXNativeTarget "SnapshotTests" */ = {
			isa = XCConfigurationList;
			buildConfigurations = (
				9B4A0B491E7680B500FF3539 /* Debug */,
				9B4A0B4A1E7680B500FF3539 /* Release */,
			);
			defaultConfigurationIsVisible = 0;
		};
/* End XCConfigurationList section */
	};
	rootObject = 9B4A0B201E767F7100FF3539 /* Project object */;
}
